{
  "name": "b.app",
  "version": "1.0.0",
  "lockfileVersion": 1,
  "requires": true,
  "dependencies": {
    "@types/node": {
      "version": "8.0.45",
      "resolved": "https://registry.npmjs.org/@types/node/-/node-8.0.45.tgz",
      "integrity": "sha512-4q3e+DdiRli/aMgYOwtKCOrM4Vys+OQCcHts76lJUfKRCjfjfTqB4FjXsZ8jkyBEgPrPN0Rq93uCKmgd7ePY2w=="
    }
  }
}
